
Microsoft Visual Studio Solution File, Format Version 12.00
# Visual Studio Version 17
VisualStudioVersion = 17.8.34309.116
MinimumVisualStudioVersion = 10.0.40219.1
Project("{D2ABAB84-BF74-430A-B69E-9DC6D40DDA17}") = "StudentBook", "StudentBook.dwproj", "{F7A667EE-AA0A-44C8-966E-410540A9DB9F}"
EndProject
Global
	GlobalSection(SolutionConfigurationPlatforms) = preSolution
		Development|Default = Development|Default
	EndGlobalSection
	GlobalSection(ProjectConfigurationPlatforms) = postSolution
		{F7A667EE-AA0A-44C8-966E-410540A9DB9F}.Development|Default.ActiveCfg = Development
		{F7A667EE-AA0A-44C8-966E-410540A9DB9F}.Development|Default.Build.0 = Development
		{F7A667EE-AA0A-44C8-966E-410540A9DB9F}.Development|Default.Deploy.0 = Development
	EndGlobalSection
	GlobalSection(SolutionProperties) = preSolution
		HideSolutionNode = FALSE
	EndGlobalSection
	GlobalSection(ExtensibilityGlobals) = postSolution
		SolutionGuid = {9033FEDA-54DB-4EF1-96FD-08562C56B3C3}
	EndGlobalSection
EndGlobal
